// !$*UTF8*$!
{
	archiveVersion = 1;
	classes = {
	};
	objectVersion = 46;
	objects = {

/* Begin PBXBuildFile section */
		1792B0541E7D983000B547DE /* AppDelegate.swift in Sources */ = {isa = PBXBuildFile; fileRef = 1792B0531E7D983000B547DE /* AppDelegate.swift */; };
		1792B0561E7D983000B547DE /* ViewController.swift in Sources */ = {isa = PBXBuildFile; fileRef = 1792B0551E7D983000B547DE /* ViewController.swift */; };
		1792B0591E7D983000B547DE /* Main.storyboard in Resources */ = {isa = PBXBuildFile; fileRef = 1792B0571E7D983000B547DE /* Main.storyboard */; };
		1792B05B1E7D983000B547DE /* Assets.xcassets in Resources */ = {isa = PBXBuildFile; fileRef = 1792B05A1E7D983000B547DE /* Assets.xcassets */; };
		1792B05E1E7D983000B547DE /* LaunchScreen.storyboard in Resources */ = {isa = PBXBuildFile; fileRef = 1792B05C1E7D983000B547DE /* LaunchScreen.storyboard */; };
		1792B0691E7D983000B547DE /* Demo_CollectionTests.swift in Sources */ = {isa = PBXBuildFile; fileRef = 1792B0681E7D983000B547DE /* Demo_CollectionTests.swift */; };
		1792B0741E7D983000B547DE /* Demo_CollectionUITests.swift in Sources */ = {isa = PBXBuildFile; fileRef = 1792B0731E7D983000B547DE /* Demo_CollectionUITests.swift */; };
/* End PBXBuildFile section */

/* Begin PBXContainerItemProxy section */
		1792B0651E7D983000B547DE /* PBXContainerItemProxy */ = {
			isa = PBXContainerItemProxy;
			containerPortal = 1792B0481E7D983000B547DE /* Project object */;
			proxyType = 1;
			remoteGlobalIDString = 1792B04F1E7D983000B547DE;
			remoteInfo = "Demo-Collection";
		};
		1792B0701E7D983000B547DE /* PBXContainerItemProxy */ = {
			isa = PBXContainerItemProxy;
			containerPortal = 1792B0481E7D983000B547DE /* Project object */;
			proxyType = 1;
			remoteGlobalIDString = 1792B04F1E7D983000B547DE;
			remoteInfo = "Demo-Collection";
		};
/* End PBXContainerItemProxy section */

/* Begin PBXFileReference section */
		1792B0501E7D983000B547DE /* Demo-Collection.app */ = {isa = PBXFileReference; explicitFileType = wrapper.application; includeInIndex = 0; path = "Demo-Collection.app"; sourceTree = BUILT_PRODUCTS_DIR; };
		1792B0531E7D983000B547DE /* AppDelegate.swift */ = {isa = PBXFileReference; lastKnownFileType = sourcecode.swift; path = AppDelegate.swift; sourceTree = "<group>"; };
		1792B0551E7D983000B547DE /* ViewController.swift */ = {isa = PBXFileReference; lastKnownFileType = sourcecode.swift; path = ViewController.swift; sourceTree = "<group>"; };
		1792B0581E7D983000B547DE /* Base */ = {isa = PBXFileReference; lastKnownFileType = file.storyboard; name = Base; path = Base.lproj/Main.storyboard; sourceTree = "<group>"; };
		1792B05A1E7D983000B547DE /* Assets.xcassets */ = {isa = PBXFileReference; lastKnownFileType = folder.assetcatalog; path = Assets.xcassets; sourceTree = "<group>"; };
		1792B05D1E7D983000B547DE /* Base */ = {isa = PBXFileReference; lastKnownFileType = file.storyboard; name = Base; path = Base.lproj/LaunchScreen.storyboard; sourceTree = "<group>"; };
		1792B05F1E7D983000B547DE /* Info.plist */ = {isa = PBXFileReference; lastKnownFileType = text.plist.xml; path = Info.plist; sourceTree = "<group>"; };
		1792B0641E7D983000B547DE /* Demo-CollectionTests.xctest */ = {isa = PBXFileReference; explicitFileType = wrapper.cfbundle; includeInIndex = 0; path = "Demo-CollectionTests.xctest"; sourceTree = BUILT_PRODUCTS_DIR; };
		1792B0681E7D983000B547DE /* Demo_CollectionTests.swift */ = {isa = PBXFileReference; lastKnownFileType = sourcecode.swift; path = Demo_CollectionTests.swift; sourceTree = "<group>"; };
		1792B06A1E7D983000B547DE /* Info.plist */ = {isa = PBXFileReference; lastKnownFileType = text.plist.xml; path = Info.plist; sourceTree = "<group>"; };
		1792B06F1E7D983000B547DE /* Demo-CollectionUITests.xctest */ = {isa = PBXFileReference; explicitFileType = wrapper.cfbundle; includeInIndex = 0; path = "Demo-CollectionUITests.xctest"; sourceTree = BUILT_PRODUCTS_DIR; };
		1792B0731E7D983000B547DE /* Demo_CollectionUITests.swift */ = {isa = PBXFileReference; lastKnownFileType = sourcecode.swift; path = Demo_CollectionUITests.swift; sourceTree = "<group>"; };
		1792B0751E7D983000B547DE /* Info.plist */ = {isa = PBXFileReference; lastKnownFileType = text.plist.xml; path = Info.plist; sourceTree = "<group>"; };
/* End PBXFileReference section */

/* Begin PBXFrameworksBuildPhase section */
		1792B04D1E7D983000B547DE /* Frameworks */ = {
			isa = PBXFrameworksBuildPhase;
			buildActionMask = 2147483647;
			files = (
			);
			runOnlyForDeploymentPostprocessing = 0;
		};
		1792B0611E7D983000B547DE /* Frameworks */ = {
			isa = PBXFrameworksBuildPhase;
			buildActionMask = 2147483647;
			files = (
			);
			runOnlyForDeploymentPostprocessing = 0;
		};
		1792B06C1E7D983000B547DE /* Frameworks */ = {
			isa = PBXFrameworksBuildPhase;
			buildActionMask = 2147483647;
			files = (
			);
			runOnlyForDeploymentPostprocessing = 0;
		};
/* End PBXFrameworksBuildPhase section */

/* Begin PBXGroup section */
		1792B0471E7D983000B547DE = {
			isa = PBXGroup;
			children = (
				1792B0521E7D983000B547DE /* Demo-Collection */,
				1792B0671E7D983000B547DE /* Demo-CollectionTests */,
				1792B0721E7D983000B547DE /* Demo-CollectionUITests */,
				1792B0511E7D983000B547DE /* Products */,
			);
			sourceTree = "<group>";
		};
		1792B0511E7D983000B547DE /* Products */ = {
			isa = PBXGroup;
			children = (
				1792B0501E7D983000B547DE /* Demo-Collection.app */,
				1792B0641E7D983000B547DE /* Demo-CollectionTests.xctest */,
				1792B06F1E7D983000B547DE /* Demo-CollectionUITests.xctest */,
			);
			name = Products;
			sourceTree = "<group>";
		};
		1792B0521E7D983000B547DE /* Demo-Collection */ = {
			isa = PBXGroup;
			children = (
				1792B0531E7D983000B547DE /* AppDelegate.swift */,
				1792B0551E7D983000B547DE /* ViewController.swift */,
				1792B0571E7D983000B547DE /* Main.storyboard */,
				1792B05A1E7D983000B547DE /* Assets.xcassets */,
				1792B05C1E7D983000B547DE /* LaunchScreen.storyboard */,
				1792B05F1E7D983000B547DE /* Info.plist */,
			);
			path = "Demo-Collection";
			sourceTree = "<group>";
		};
		1792B0671E7D983000B547DE /* Demo-CollectionTests */ = {
			isa = PBXGroup;
			children = (
				1792B0681E7D983000B547DE /* Demo_CollectionTests.swift */,
				1792B06A1E7D983000B547DE /* Info.plist */,
			);
			path = "Demo-CollectionTests";
			sourceTree = "<group>";
		};
		1792B0721E7D983000B547DE /* Demo-CollectionUITests */ = {
			isa = PBXGroup;
			children = (
				1792B0731E7D983000B547DE /* Demo_CollectionUITests.swift */,
				1792B0751E7D983000B547DE /* Info.plist */,
			);
			path = "Demo-CollectionUITests";
			sourceTree = "<group>";
		};
/* End PBXGroup section */

/* Begin PBXNativeTarget section */
		1792B04F1E7D983000B547DE /* Demo-Collection */ = {
			isa = PBXNativeTarget;
			buildConfigurationList = 1792B0781E7D983000B547DE /* Build configuration list for PBXNativeTarget "Demo-Collection" */;
			buildPhases = (
				1792B04C1E7D983000B547DE /* Sources */,
				1792B04D1E7D983000B547DE /* Frameworks */,
				1792B04E1E7D983000B547DE /* Resources */,
			);
			buildRules = (
			);
			dependencies = (
			);
			name = "Demo-Collection";
			productName = "Demo-Collection";
			productReference = 1792B0501E7D983000B547DE /* Demo-Collection.app */;
			productType = "com.apple.product-type.application";
		};
		1792B0631E7D983000B547DE /* Demo-CollectionTests */ = {
			isa = PBXNativeTarget;
			buildConfigurationList = 1792B07B1E7D983000B547DE /* Build configuration list for PBXNativeTarget "Demo-CollectionTests" */;
			buildPhases = (
				1792B0601E7D983000B547DE /* Sources */,
				1792B0611E7D983000B547DE /* Frameworks */,
				1792B0621E7D983000B547DE /* Resources */,
			);
			buildRules = (
			);
			dependencies = (
				1792B0661E7D983000B547DE /* PBXTargetDependency */,
			);
			name = "Demo-CollectionTests";
			productName = "Demo-CollectionTests";
			productReference = 1792B0641E7D983000B547DE /* Demo-CollectionTests.xctest */;
			productType = "com.apple.product-type.bundle.unit-test";
		};
		1792B06E1E7D983000B547DE /* Demo-CollectionUITests */ = {
			isa = PBXNativeTarget;
			buildConfigurationList = 1792B07E1E7D983000B547DE /* Build configuration list for PBXNativeTarget "Demo-CollectionUITests" */;
			buildPhases = (
				1792B06B1E7D983000B547DE /* Sources */,
				1792B06C1E7D983000B547DE /* Frameworks */,
				1792B06D1E7D983000B547DE /* Resources */,
			);
			buildRules = (
			);
			dependencies = (
				1792B0711E7D983000B547DE /* PBXTargetDependency */,
			);
			name = "Demo-CollectionUITests";
			productName = "Demo-CollectionUITests";
			productReference = 1792B06F1E7D983000B547DE /* Demo-CollectionUITests.xctest */;
			productType = "com.apple.product-type.bundle.ui-testing";
		};
/* End PBXNativeTarget section */

/* Begin PBXProject section */
		1792B0481E7D983000B547DE /* Project object */ = {
			isa = PBXProject;
			attributes = {
				LastSwiftUpdateCheck = 0820;
				LastUpgradeCheck = 0820;
				ORGANIZATIONNAME = Anand;
				TargetAttributes = {
					1792B04F1E7D983000B547DE = {
						CreatedOnToolsVersion = 8.2;
						ProvisioningStyle = Automatic;
					};
					1792B0631E7D983000B547DE = {
						CreatedOnToolsVersion = 8.2;
						ProvisioningStyle = Automatic;
						TestTargetID = 1792B04F1E7D983000B547DE;
					};
					1792B06E1E7D983000B547DE = {
						CreatedOnToolsVersion = 8.2;
						ProvisioningStyle = Automatic;
						TestTargetID = 1792B04F1E7D983000B547DE;
					};
				};
			};
			buildConfigurationList = 1792B04B1E7D983000B547DE /* Build configuration list for PBXProject "Demo-Collection" */;
			compatibilityVersion = "Xcode 3.2";
			developmentRegion = English;
			hasScannedForEncodings = 0;
			knownRegions = (
				en,
				Base,
			);
			mainGroup = 1792B0471E7D983000B547DE;
			productRefGroup = 1792B0511E7D983000B547DE /* Products */;
			projectDirPath = "";
			projectRoot = "";
			targets = (
				1792B04F1E7D983000B547DE /* Demo-Collection */,
				1792B0631E7D983000B547DE /* Demo-CollectionTests */,
				1792B06E1E7D983000B547DE /* Demo-CollectionUITests */,
			);
		};
/* End PBXProject section */

/* Begin PBXResourcesBuildPhase section */
		1792B04E1E7D983000B547DE /* Resources */ = {
			isa = PBXResourcesBuildPhase;
			buildActionMask = 2147483647;
			files = (
				1792B05E1E7D983000B547DE /* LaunchScreen.storyboard in Resources */,
				1792B05B1E7D983000B547DE /* Assets.xcassets in Resources */,
				1792B0591E7D983000B547DE /* Main.storyboard in Resources */,
			);
			runOnlyForDeploymentPostprocessing = 0;
		};
		1792B0621E7D983000B547DE /* Resources */ = {
			isa = PBXResourcesBuildPhase;
			buildActionMask = 2147483647;
			files = (
			);
			runOnlyForDeploymentPostprocessing = 0;
		};
		1792B06D1E7D983000B547DE /* Resources */ = {
			isa = PBXResourcesBuildPhase;
			buildActionMask = 2147483647;
			files = (
			);
			runOnlyForDeploymentPostprocessing = 0;
		};
/* End PBXResourcesBuildPhase section */

/* Begin PBXSourcesBuildPhase section */
		1792B04C1E7D983000B547DE /* Sources */ = {
			isa = PBXSourcesBuildPhase;
			buildActionMask = 2147483647;
			files = (
				1792B0561E7D983000B547DE /* ViewController.swift in Sources */,
				1792B0541E7D983000B547DE /* AppDelegate.swift in Sources */,
			);
			runOnlyForDeploymentPostprocessing = 0;
		};
		1792B0601E7D983000B547DE /* Sources */ = {
			isa = PBXSourcesBuildPhase;
			buildActionMask = 2147483647;
			files = (
				1792B0691E7D983000B547DE /* Demo_CollectionTests.swift in Sources */,
			);
			runOnlyForDeploymentPostprocessing = 0;
		};
		1792B06B1E7D983000B547DE /* Sources */ = {
			isa = PBXSourcesBuildPhase;
			buildActionMask = 2147483647;
			files = (
				1792B0741E7D983000B547DE /* Demo_CollectionUITests.swift in Sources */,
			);
			runOnlyForDeploymentPostprocessing = 0;
		};
/* End PBXSourcesBuildPhase section */

/* Begin PBXTargetDependency section */
		1792B0661E7D983000B547DE /* PBXTargetDependency */ = {
			isa = PBXTargetDependency;
			target = 1792B04F1E7D983000B547DE /* Demo-Collection */;
			targetProxy = 1792B0651E7D983000B547DE /* PBXContainerItemProxy */;
		};
		1792B0711E7D983000B547DE /* PBXTargetDependency */ = {
			isa = PBXTargetDependency;
			target = 1792B04F1E7D983000B547DE /* Demo-Collection */;
			targetProxy = 1792B0701E7D983000B547DE /* PBXContainerItemProxy */;
		};
/* End PBXTargetDependency section */

/* Begin PBXVariantGroup section */
		1792B0571E7D983000B547DE /* Main.storyboard */ = {
			isa = PBXVariantGroup;
			children = (
				1792B0581E7D983000B547DE /* Base */,
			);
			name = Main.storyboard;
			sourceTree = "<group>";
		};
		1792B05C1E7D983000B547DE /* LaunchScreen.storyboard */ = {
			isa = PBXVariantGroup;
			children = (
				1792B05D1E7D983000B547DE /* Base */,
			);
			name = LaunchScreen.storyboard;
			sourceTree = "<group>";
		};
/* End PBXVariantGroup section */

/* Begin XCBuildConfiguration section */
		1792B0761E7D983000B547DE /* Debug */ = {
			isa = XCBuildConfiguration;
			buildSettings = {
				ALWAYS_SEARCH_USER_PATHS = NO;
				CLANG_ANALYZER_NONNULL = YES;
				CLANG_CXX_LANGUAGE_STANDARD = "gnu++0x";
				CLANG_CXX_LIBRARY = "libc++";
				CLANG_ENABLE_MODULES = YES;
				CLANG_ENABLE_OBJC_ARC = YES;
				CLANG_WARN_BOOL_CONVERSION = YES;
				CLANG_WARN_CONSTANT_CONVERSION = YES;
				CLANG_WARN_DIRECT_OBJC_ISA_USAGE = YES_ERROR;
				CLANG_WARN_DOCUMENTATION_COMMENTS = YES;
				CLANG_WARN_EMPTY_BODY = YES;
				CLANG_WARN_ENUM_CONVERSION = YES;
				CLANG_WARN_INFINITE_RECURSION = YES;
				CLANG_WARN_INT_CONVERSION = YES;
				CLANG_WARN_OBJC_ROOT_CLASS = YES_ERROR;
				CLANG_WARN_SUSPICIOUS_MOVE = YES;
				CLANG_WARN_UNREACHABLE_CODE = YES;
				CLANG_WARN__DUPLICATE_METHOD_MATCH = YES;
				"CODE_SIGN_IDENTITY[sdk=iphoneos*]" = "iPhone Developer";
				COPY_PHASE_STRIP = NO;
				DEBUG_INFORMATION_FORMAT = dwarf;
				ENABLE_STRICT_OBJC_MSGSEND = YES;
				ENABLE_TESTABILITY = YES;
				GCC_C_LANGUAGE_STANDARD = gnu99;
				GCC_DYNAMIC_NO_PIC = NO;
				GCC_NO_COMMON_BLOCKS = YES;
				GCC_OPTIMIZATION_LEVEL = 0;
				GCC_PREPROCESSOR_DEFINITIONS = (
					"DEBUG=1",
					"$(inherited)",
				);
				GCC_WARN_64_TO_32_BIT_CONVERSION = YES;
				GCC_WARN_ABOUT_RETURN_TYPE = YES_ERROR;
				GCC_WARN_UNDECLARED_SELECTOR = YES;
				GCC_WARN_UNINITIALIZED_AUTOS = YES_AGGRESSIVE;
				GCC_WARN_UNUSED_FUNCTION = YES;
				GCC_WARN_UNUSED_VARIABLE = YES;
				IPHONEOS_DEPLOYMENT_TARGET = 10.2;
				MTL_ENABLE_DEBUG_INFO = YES;
				ONLY_ACTIVE_ARCH = YES;
				SDKROOT = iphoneos;
				SWIFT_ACTIVE_COMPILATION_CONDITIONS = DEBUG;
				SWIFT_OPTIMIZATION_LEVEL = "-Onone";
				TARGETED_DEVICE_FAMILY = "1,2";
			};
			name = Debug;
		};
		1792B0771E7D983000B547DE /* Release */ = {
			isa = XCBuildConfiguration;
			buildSettings = {
				ALWAYS_SEARCH_USER_PATHS = NO;
				CLANG_ANALYZER_NONNULL = YES;
				CLANG_CXX_LANGUAGE_STANDARD = "gnu++0x";
				CLANG_CXX_LIBRARY = "libc++";
				CLANG_ENABLE_MODULES = YES;
				CLANG_ENABLE_OBJC_ARC = YES;
				CLANG_WARN_BOOL_CONVERSION = YES;
				CLANG_WARN_CONSTANT_CONVERSION = YES;
				CLANG_WARN_DIRECT_OBJC_ISA_USAGE = YES_ERROR;
				CLANG_WARN_DOCUMENTATION_COMMENTS = YES;
				CLANG_WARN_EMPTY_BODY = YES;
				CLANG_WARN_ENUM_CONVERSION = YES;
				CLANG_WARN_INFINITE_RECURSION = YES;
				CLANG_WARN_INT_CONVERSION = YES;
				CLANG_WARN_OBJC_ROOT_CLASS = YES_ERROR;
				CLANG_WARN_SUSPICIOUS_MOVE = YES;
				CLANG_WARN_UNREACHABLE_CODE = YES;
				CLANG_WARN__DUPLICATE_METHOD_MATCH = YES;
				"CODE_SIGN_IDENTITY[sdk=iphoneos*]" = "iPhone Developer";
				COPY_PHASE_STRIP = NO;
				DEBUG_INFORMATION_FORMAT = "dwarf-with-dsym";
				ENABLE_NS_ASSERTIONS = NO;
				ENABLE_STRICT_OBJC_MSGSEND = YES;
				GCC_C_LANGUAGE_STANDARD = gnu99;
				GCC_NO_COMMON_BLOCKS = YES;
				GCC_WARN_64_TO_32_BIT_CONVERSION = YES;
				GCC_WARN_ABOUT_RETURN_TYPE = YES_ERROR;
				GCC_WARN_UNDECLARED_SELECTOR = YES;
				GCC_WARN_UNINITIALIZED_AUTOS = YES_AGGRESSIVE;
				GCC_WARN_UNUSED_FUNCTION = YES;
				GCC_WARN_UNUSED_VARIABLE = YES;
				IPHONEOS_DEPLOYMENT_TARGET = 10.2;
				MTL_ENABLE_DEBUG_INFO = NO;
				SDKROOT = iphoneos;
				SWIFT_OPTIMIZATION_LEVEL = "-Owholemodule";
				TARGETED_DEVICE_FAMILY = "1,2";
				VALIDATE_PRODUCT = YES;
			};
			name = Release;
		};
		1792B0791E7D983000B547DE /* Debug */ = {
			isa = XCBuildConfiguration;
			buildSettings = {
				ASSETCATALOG_COMPILER_APPICON_NAME = AppIcon;
				INFOPLIST_FILE = "Demo-Collection/Info.plist";
				LD_RUNPATH_SEARCH_PATHS = "$(inherited) @executable_path/Frameworks";
				PRODUCT_BUNDLE_IDENTIFIER = "com.anscoder.Demo-Collection";
				PRODUCT_NAME = "$(TARGET_NAME)";
				SWIFT_VERSION = 3.0;
			};
			name = Debug;
		};
		1792B07A1E7D983000B547DE /* Release */ = {
			isa = XCBuildConfiguration;
			buildSettings = {
				ASSETCATALOG_COMPILER_APPICON_NAME = AppIcon;
				INFOPLIST_FILE = "Demo-Collection/Info.plist";
				LD_RUNPATH_SEARCH_PATHS = "$(inherited) @executable_path/Frameworks";
				PRODUCT_BUNDLE_IDENTIFIER = "com.anscoder.Demo-Collection";
				PRODUCT_NAME = "$(TARGET_NAME)";
				SWIFT_VERSION = 3.0;
			};
			name = Release;
		};
		1792B07C1E7D983000B547DE /* Debug */ = {
			isa = XCBuildConfiguration;
			buildSettings = {
				ALWAYS_EMBED_SWIFT_STANDARD_LIBRARIES = YES;
				BUNDLE_LOADER = "$(TEST_HOST)";
				INFOPLIST_FILE = "Demo-CollectionTests/Info.plist";
				LD_RUNPATH_SEARCH_PATHS = "$(inherited) @executable_path/Frameworks @loader_path/Frameworks";
				PRODUCT_BUNDLE_IDENTIFIER = "com.anscoder.Demo-CollectionTests";
				PRODUCT_NAME = "$(TARGET_NAME)";
				SWIFT_VERSION = 3.0;
				TEST_HOST = "$(BUILT_PRODUCTS_DIR)/Demo-Collection.app/Demo-Collection";
			};
			name = Debug;
		};
		1792B07D1E7D983000B547DE /* Release */ = {
			isa = XCBuildConfiguration;
			buildSettings = {
				ALWAYS_EMBED_SWIFT_STANDARD_LIBRARIES = YES;
				BUNDLE_LOADER = "$(TEST_HOST)";
				INFOPLIST_FILE = "Demo-CollectionTests/Info.plist";
				LD_RUNPATH_SEARCH_PATHS = "$(inherited) @executable_path/Frameworks @loader_path/Frameworks";
				PRODUCT_BUNDLE_IDENTIFIER = "com.anscoder.Demo-CollectionTests";
				PRODUCT_NAME = "$(TARGET_NAME)";
				SWIFT_VERSION = 3.0;
				TEST_HOST = "$(BUILT_PRODUCTS_DIR)/Demo-Collection.app/Demo-Collection";
			};
			name = Release;
		};
		1792B07F1E7D983000B547DE /* Debug */ = {
			isa = XCBuildConfiguration;
			buildSettings = {
				ALWAYS_EMBED_SWIFT_STANDARD_LIBRARIES = YES;
				INFOPLIST_FILE = "Demo-CollectionUITests/Info.plist";
				LD_RUNPATH_SEARCH_PATHS = "$(inherited) @executable_path/Frameworks @loader_path/Frameworks";
				PRODUCT_BUNDLE_IDENTIFIER = "com.anscoder.Demo-CollectionUITests";
				PRODUCT_NAME = "$(TARGET_NAME)";
				SWIFT_VERSION = 3.0;
				TEST_TARGET_NAME = "Demo-Collection";
			};
			name = Debug;
		};
		1792B0801E7D983000B547DE /* Release */ = {
			isa = XCBuildConfiguration;
			buildSettings = {
				ALWAYS_EMBED_SWIFT_STANDARD_LIBRARIES = YES;
				INFOPLIST_FILE = "Demo-CollectionUITests/Info.plist";
				LD_RUNPATH_SEARCH_PATHS = "$(inherited) @executable_path/Frameworks @loader_path/Frameworks";
				PRODUCT_BUNDLE_IDENTIFIER = "com.anscoder.Demo-CollectionUITests";
				PRODUCT_NAME = "$(TARGET_NAME)";
				SWIFT_VERSION = 3.0;
				TEST_TARGET_NAME = "Demo-Collection";
			};
			name = Release;
		};
/* End XCBuildConfiguration section */

/* Begin XCConfigurationList section */
		1792B04B1E7D983000B547DE /* Build configuration list for PBXProject "Demo-Collection" */ = {
			isa = XCConfigurationList;
			buildConfigurations = (
				1792B0761E7D983000B547DE /* Debug */,
				1792B0771E7D983000B547DE /* Release */,
			);
			defaultConfigurationIsVisible = 0;
			defaultConfigurationName = Release;
		};
		1792B0781E7D983000B547DE /* Build configuration list for PBXNativeTarget "Demo-Collection" */ = {
			isa = XCConfigurationList;
			buildConfigurations = (
				1792B0791E7D983000B547DE /* Debug */,
				1792B07A1E7D983000B547DE /* Release */,
			);
			defaultConfigurationIsVisible = 0;
		};
		1792B07B1E7D983000B547DE /* Build configuration list for PBXNativeTarget "Demo-CollectionTests" */ = {
			isa = XCConfigurationList;
			buildConfigurations = (
				1792B07C1E7D983000B547DE /* Debug */,
				1792B07D1E7D983000B547DE /* Release */,
			);
			defaultConfigurationIsVisible = 0;
		};
		1792B07E1E7D983000B547DE /* Build configuration list for PBXNativeTarget "Demo-CollectionUITests" */ = {
			isa = XCConfigurationList;
			buildConfigurations = (
				1792B07F1E7D983000B547DE /* Debug */,
				1792B0801E7D983000B547DE /* Release */,
			);
			defaultConfigurationIsVisible = 0;
		};
/* End XCConfigurationList section */
	};
	rootObject = 1792B0481E7D983000B547DE /* Project object */;
}
